{
  "lockfileVersion": 1,
  "configVersion": 1,
  "workspaces": {
    "": {
      "name": "elf-components",
      "dependencies": {
        "typescript": "^5.9.3",
      },
      "peerDependencies": {
        "@stylexjs/stylex": "^0.17.5",
      },
    },
  },
  "packages": {
    "@stylexjs/stylex": ["@stylexjs/stylex@0.17.5", "", { "dependencies": { "css-mediaquery": "^0.1.2", "invariant": "^2.2.4", "styleq": "0.2.1" } }, "sha512-mV+mIXqj1AsnGHFj/hyno7YOBjBpgRzvD00iif0w/LExeN8mwNb2yTfnTHkx62fLaM7vUtoIEcO/bFHqmiOtpw=="],

    "css-mediaquery": ["css-mediaquery@0.1.2", "", {}, "sha512-COtn4EROW5dBGlE/4PiKnh6rZpAPxDeFLaEEwt4i10jpDMFt2EhQGS79QmmrO+iKCHv0PU/HrOWEhijFd1x99Q=="],

    "invariant": ["invariant@2.2.4", "", { "dependencies": { "loose-envify": "^1.0.0" } }, "sha512-phJfQVBuaJM5raOpJjSfkiD6BpbCE4Ns//LaXl6wGYtUBY83nWS6Rf9tXm2e8VaK60JEjYldbPif/A2B1C2gNA=="],

    "js-tokens": ["js-tokens@4.0.0", "", {}, "sha512-RdJUflcE3cUzKiMqQgsCu06FPu9UdIJO0beYbPhHN4k6apgJtifcoCtT9bcxOpYBtpD2kCM6Sbzg4CausW/PKQ=="],

    "loose-envify": ["loose-envify@1.4.0", "", { "dependencies": { "js-tokens": "^3.0.0 || ^4.0.0" }, "bin": { "loose-envify": "cli.js" } }, "sha512-lyuxPGr/Wfhrlem2CL/UcnUc1zcqKAImBDzukY7Y5F/yQiNdko6+fRLevlw1HgMySw7f611UIY408EtxRSoK3Q=="],

    "styleq": ["styleq@0.2.1", "", {}, "sha512-L0TR0NQb+X4/ktDEKmjWyp27gla+LUYi/by5k5SjKXf6/pvZP7wbwEB5J+tqxdFVPgzbsuz+d4RTScO/QZquBw=="],

    "typescript": ["typescript@5.9.3", "", { "bin": { "tsc": "bin/tsc", "tsserver": "bin/tsserver" } }, "sha512-jl1vZzPDinLr9eUt3J/t7V6FgNEw9QjvBPdysz9KfQDD41fQrC2Y4vKQdiaUpFT4bXlb1RHhLpp8wtm6M5TgSw=="],
  }
}
